
Microsoft Visual Studio Solution File, Format Version 12.00
# Visual Studio Version 16
VisualStudioVersion = 16.0.33328.57
MinimumVisualStudioVersion = 10.0.40219.1
Project("{FAE04EC0-301F-11D3-BF4B-00C04F79EFBC}") = "WindowsFormsApp1", "WindowsFormsApp1.csproj", "{E939A709-8D77-4C54-87F2-27D479C8960C}"
EndProject
Global
	GlobalSection(SolutionConfigurationPlatforms) = preSolution
		Debug|Any CPU = Debug|Any CPU
		Release|Any CPU = Release|Any CPU
	EndGlobalSection
	GlobalSection(ProjectConfigurationPlatforms) = postSolution
		{E939A709-8D77-4C54-87F2-27D479C8960C}.Debug|Any CPU.ActiveCfg = Debug|Any CPU
		{E939A709-8D77-4C54-87F2-27D479C8960C}.Debug|Any CPU.Build.0 = Debug|Any CPU
		{E939A709-8D77-4C54-87F2-27D479C8960C}.Release|Any CPU.ActiveCfg = Release|Any CPU
		{E939A709-8D77-4C54-87F2-27D479C8960C}.Release|Any CPU.Build.0 = Release|Any CPU
	EndGlobalSection
	GlobalSection(SolutionProperties) = preSolution
		HideSolutionNode = FALSE
	EndGlobalSection
	GlobalSection(ExtensibilityGlobals) = postSolution
		SolutionGuid = {CA2092F5-CC0F-4B77-8570-A3DCA92CD83C}
	EndGlobalSection
EndGlobal
